
Microsoft Visual Studio Solution File, Format Version 12.00
# Visual Studio Version 17
VisualStudioVersion = 17.14.36511.14 d17.14
MinimumVisualStudioVersion = 10.0.40219.1
Project("{FAE04EC0-301F-11D3-BF4B-00C04F79EFBC}") = "questionnaire", "questionnaire\questionnaire.csproj", "{9C8036CC-DA4E-4203-A2E0-15BB4E1D89EA}"
EndProject
Global
	GlobalSection(SolutionConfigurationPlatforms) = preSolution
		Debug|Any CPU = Debug|Any CPU
		Release|Any CPU = Release|Any CPU
	EndGlobalSection
	GlobalSection(ProjectConfigurationPlatforms) = postSolution
		{9C8036CC-DA4E-4203-A2E0-15BB4E1D89EA}.Debug|Any CPU.ActiveCfg = Debug|Any CPU
		{9C8036CC-DA4E-4203-A2E0-15BB4E1D89EA}.Debug|Any CPU.Build.0 = Debug|Any CPU
		{9C8036CC-DA4E-4203-A2E0-15BB4E1D89EA}.Release|Any CPU.ActiveCfg = Release|Any CPU
		{9C8036CC-DA4E-4203-A2E0-15BB4E1D89EA}.Release|Any CPU.Build.0 = Release|Any CPU
	EndGlobalSection
	GlobalSection(SolutionProperties) = preSolution
		HideSolutionNode = FALSE
	EndGlobalSection
	GlobalSection(ExtensibilityGlobals) = postSolution
		SolutionGuid = {8DDDFDEB-D293-44CE-93BB-2AEBB84D73E4}
	EndGlobalSection
EndGlobal
